
Microsoft Visual Studio Solution File, Format Version 12.00
# Visual Studio Version 17
VisualStudioVersion = 17.3.32901.215
MinimumVisualStudioVersion = 10.0.40219.1
Project("{8BC9CEB8-8B4A-11D0-8D11-00A0C91BC942}") = "Pointers", "Pointers\Pointers.vcxproj", "{B93F4497-F4FB-48A5-9CE9-972FB71DED90}"
EndProject
Project("{8BC9CEB8-8B4A-11D0-8D11-00A0C91BC942}") = "HomeTask FunctionVariable(25.03.2023)", "HomeTask FunctionVariable(25.03.2023)\HomeTask FunctionVariable(25.03.2023).vcxproj", "{61443E04-1014-4B07-B918-5983827C7B64}"
EndProject
Project("{8BC9CEB8-8B4A-11D0-8D11-00A0C91BC942}") = "DynamicMemory", "DynamicMemory\DynamicMemory.vcxproj", "{97E9EB77-0D0C-4238-BC25-C7FBE7DC5FE3}"
EndProject
Project("{8BC9CEB8-8B4A-11D0-8D11-00A0C91BC942}") = "Transfer Parameters", "Transfer Parameters\Transfer Parameters.vcxproj", "{44B36DF0-1F4C-4D89-9D97-EA26C9A91063}"
EndProject
Project("{8BC9CEB8-8B4A-11D0-8D11-00A0C91BC942}") = "Split", "Split\Split.vcxproj", "{7EF02410-AEBE-4EC2-BA05-B381D8CC0194}"
EndProject
Global
	GlobalSection(SolutionConfigurationPlatforms) = preSolution
		Debug|x64 = Debug|x64
		Debug|x86 = Debug|x86
		Release|x64 = Release|x64
		Release|x86 = Release|x86
	EndGlobalSection
	GlobalSection(ProjectConfigurationPlatforms) = postSolution
		{B93F4497-F4FB-48A5-9CE9-972FB71DED90}.Debug|x64.ActiveCfg = Debug|x64
		{B93F4497-F4FB-48A5-9CE9-972FB71DED90}.Debug|x64.Build.0 = Debug|x64
		{B93F4497-F4FB-48A5-9CE9-972FB71DED90}.Debug|x86.ActiveCfg = Debug|Win32
		{B93F4497-F4FB-48A5-9CE9-972FB71DED90}.Debug|x86.Build.0 = Debug|Win32
		{B93F4497-F4FB-48A5-9CE9-972FB71DED90}.Release|x64.ActiveCfg = Release|x64
		{B93F4497-F4FB-48A5-9CE9-972FB71DED90}.Release|x64.Build.0 = Release|x64
		{B93F4497-F4FB-48A5-9CE9-972FB71DED90}.Release|x86.ActiveCfg = Release|Win32
		{B93F4497-F4FB-48A5-9CE9-972FB71DED90}.Release|x86.Build.0 = Release|Win32
		{61443E04-1014-4B07-B918-5983827C7B64}.Debug|x64.ActiveCfg = Debug|x64
		{61443E04-1014-4B07-B918-5983827C7B64}.Debug|x64.Build.0 = Debug|x64
		{61443E04-1014-4B07-B918-5983827C7B64}.Debug|x86.ActiveCfg = Debug|Win32
		{61443E04-1014-4B07-B918-5983827C7B64}.Debug|x86.Build.0 = Debug|Win32
		{61443E04-1014-4B07-B918-5983827C7B64}.Release|x64.ActiveCfg = Release|x64
		{61443E04-1014-4B07-B918-5983827C7B64}.Release|x64.Build.0 = Release|x64
		{61443E04-1014-4B07-B918-5983827C7B64}.Release|x86.ActiveCfg = Release|Win32
		{61443E04-1014-4B07-B918-5983827C7B64}.Release|x86.Build.0 = Release|Win32
		{97E9EB77-0D0C-4238-BC25-C7FBE7DC5FE3}.Debug|x64.ActiveCfg = Debug|x64
		{97E9EB77-0D0C-4238-BC25-C7FBE7DC5FE3}.Debug|x64.Build.0 = Debug|x64
		{97E9EB77-0D0C-4238-BC25-C7FBE7DC5FE3}.Debug|x86.ActiveCfg = Debug|Win32
		{97E9EB77-0D0C-4238-BC25-C7FBE7DC5FE3}.Debug|x86.Build.0 = Debug|Win32
		{97E9EB77-0D0C-4238-BC25-C7FBE7DC5FE3}.Release|x64.ActiveCfg = Release|x64
		{97E9EB77-0D0C-4238-BC25-C7FBE7DC5FE3}.Release|x64.Build.0 = Release|x64
		{97E9EB77-0D0C-4238-BC25-C7FBE7DC5FE3}.Release|x86.ActiveCfg = Release|Win32
		{97E9EB77-0D0C-4238-BC25-C7FBE7DC5FE3}.Release|x86.Build.0 = Release|Win32
		{44B36DF0-1F4C-4D89-9D97-EA26C9A91063}.Debug|x64.ActiveCfg = Debug|x64
		{44B36DF0-1F4C-4D89-9D97-EA26C9A91063}.Debug|x64.Build.0 = Debug|x64
		{44B36DF0-1F4C-4D89-9D97-EA26C9A91063}.Debug|x86.ActiveCfg = Debug|Win32
		{44B36DF0-1F4C-4D89-9D97-EA26C9A91063}.Debug|x86.Build.0 = Debug|Win32
		{44B36DF0-1F4C-4D89-9D97-EA26C9A91063}.Release|x64.ActiveCfg = Release|x64
		{44B36DF0-1F4C-4D89-9D97-EA26C9A91063}.Release|x64.Build.0 = Release|x64
		{44B36DF0-1F4C-4D89-9D97-EA26C9A91063}.Release|x86.ActiveCfg = Release|Win32
		{44B36DF0-1F4C-4D89-9D97-EA26C9A91063}.Release|x86.Build.0 = Release|Win32
		{7EF02410-AEBE-4EC2-BA05-B381D8CC0194}.Debug|x64.ActiveCfg = Debug|x64
		{7EF02410-AEBE-4EC2-BA05-B381D8CC0194}.Debug|x64.Build.0 = Debug|x64
		{7EF02410-AEBE-4EC2-BA05-B381D8CC0194}.Debug|x86.ActiveCfg = Debug|Win32
		{7EF02410-AEBE-4EC2-BA05-B381D8CC0194}.Debug|x86.Build.0 = Debug|Win32
		{7EF02410-AEBE-4EC2-BA05-B381D8CC0194}.Release|x64.ActiveCfg = Release|x64
		{7EF02410-AEBE-4EC2-BA05-B381D8CC0194}.Release|x64.Build.0 = Release|x64
		{7EF02410-AEBE-4EC2-BA05-B381D8CC0194}.Release|x86.ActiveCfg = Release|Win32
		{7EF02410-AEBE-4EC2-BA05-B381D8CC0194}.Release|x86.Build.0 = Release|Win32
	EndGlobalSection
	GlobalSection(SolutionProperties) = preSolution
		HideSolutionNode = FALSE
	EndGlobalSection
	GlobalSection(ExtensibilityGlobals) = postSolution
		SolutionGuid = {A9388667-B7F4-42C1-B69B-6B805C841894}
	EndGlobalSection
EndGlobal
